{
  "name": "@ego/memory",
  "version": "0.0.0",
  "lockfileVersion": 3,
  "requires": true,
  "packages": {
    "": {
      "name": "@ego/memory",
      "version": "0.0.0",
      "dependencies": {
        "vantadb": "0.8.0"
      },
      "devDependencies": {
        "typescript": "^5"
      }
    },
    "node_modules/typescript": {
      "version": "5.9.3",
      "resolved": "https://registry.npmjs.org/typescript/-/typescript-5.9.3.tgz",
      "integrity": "sha512-jl1vZzPDinLr9eUt3J/t7V6FgNEw9QjvBPdysz9KfQDD41fQrC2Y4vKQdiaUpFT4bXlb1RHhLpp8wtm6M5TgSw==",
      "dev": true,
      "license": "Apache-2.0",
      "bin": {
        "tsc": "bin/tsc",
        "tsserver": "bin/tsserver"
      },
      "engines": {
        "node": ">=14.17"
      }
    },
    "node_modules/vantadb": {
      "version": "0.8.0",
      "resolved": "https://registry.npmjs.org/vantadb/-/vantadb-0.8.0.tgz",
      "integrity": "sha512-fOi7/JyyY7HYae2iFvuJCBX6g99yg0tfCm2De3tZujCMue4v91EHbHZwjLQb7MiwEt8R8IHNCA9DUL6/BhGgBA==",
      "license": "Apache-2.0",
      "dependencies": {
        "vantadb-wasm": "^0.8.0"
      },
      "engines": {
        "node": ">=22.19"
      }
    },
    "node_modules/vantadb-wasm": {
      "version": "0.8.0",
      "resolved": "https://registry.npmjs.org/vantadb-wasm/-/vantadb-wasm-0.8.0.tgz",
      "integrity": "sha512-3y5CCVZHnpNexylVYSvxua5KhkyOMv1NBi7jUr3GOAbtP6LW7HBT+74tKPAnP7LtSqa/aJRfs6HrNmJRRXcJ2g==",
      "license": "Apache-2.0"
    }
  }
}
